
Microsoft Visual Studio Solution File, Format Version 12.00
# Visual Studio 15
Project("{FAE04EC0-301F-11D3-BF4B-00C04F79EFBC}") = "UnityEngine.UI", "UnityEngine.UI.csproj", "{6A32C4D0-154C-7550-915D-0928EF56D70A}"
EndProject
Project("{FAE04EC0-301F-11D3-BF4B-00C04F79EFBC}") = "Assembly-CSharp", "Assembly-CSharp.csproj", "{2D25061E-4F8C-B47A-7D42-A1CF9713E045}"
EndProject
Project("{FAE04EC0-301F-11D3-BF4B-00C04F79EFBC}") = "NavMeshComponents", "NavMeshComponents.csproj", "{BEA63D72-97B1-FBE9-8007-D0FE89095F6D}"
EndProject
Project("{FAE04EC0-301F-11D3-BF4B-00C04F79EFBC}") = "AstarPathfindingProject", "AstarPathfindingProject.csproj", "{905FD3D9-C1FC-D888-0736-5BDBD178710F}"
EndProject
Project("{FAE04EC0-301F-11D3-BF4B-00C04F79EFBC}") = "UnityEditor.UI", "UnityEditor.UI.csproj", "{F182CD57-8BA6-5902-AF01-E023C00E237B}"
EndProject
Project("{FAE04EC0-301F-11D3-BF4B-00C04F79EFBC}") = "NavMeshComponentsEditor", "NavMeshComponentsEditor.csproj", "{6F50DA31-3B2D-6138-9057-9A8A24F0AC17}"
EndProject
Project("{FAE04EC0-301F-11D3-BF4B-00C04F79EFBC}") = "Unity.2D.Sprite.Editor", "Unity.2D.Sprite.Editor.csproj", "{34CB961C-D868-7080-549C-D19967474CA9}"
EndProject
Project("{FAE04EC0-301F-11D3-BF4B-00C04F79EFBC}") = "Unity.2D.Tilemap.Editor", "Unity.2D.Tilemap.Editor.csproj", "{51AA9207-5B00-88B7-84EF-B536EB5C0226}"
EndProject
Project("{FAE04EC0-301F-11D3-BF4B-00C04F79EFBC}") = "AstarPathfindingProjectEditor", "AstarPathfindingProjectEditor.csproj", "{610544CD-D2D3-ED18-D3A1-A24182C1BD0F}"
EndProject
Project("{FAE04EC0-301F-11D3-BF4B-00C04F79EFBC}") = "PackageToolsEditor", "PackageToolsEditor.csproj", "{8F6A145C-F21F-DF08-D68F-576852A1CCD3}"
EndProject
Global
	GlobalSection(SolutionConfigurationPlatforms) = preSolution
		Debug|Any CPU = Debug|Any CPU
		Release|Any CPU = Release|Any CPU
	EndGlobalSection
	GlobalSection(ProjectConfigurationPlatforms) = postSolution
		{6A32C4D0-154C-7550-915D-0928EF56D70A}.Debug|Any CPU.ActiveCfg = Debug|Any CPU
		{6A32C4D0-154C-7550-915D-0928EF56D70A}.Debug|Any CPU.Build.0 = Debug|Any CPU
		{6A32C4D0-154C-7550-915D-0928EF56D70A}.Release|Any CPU.ActiveCfg = Release|Any CPU
		{6A32C4D0-154C-7550-915D-0928EF56D70A}.Release|Any CPU.Build.0 = Release|Any CPU
		{2D25061E-4F8C-B47A-7D42-A1CF9713E045}.Debug|Any CPU.ActiveCfg = Debug|Any CPU
		{2D25061E-4F8C-B47A-7D42-A1CF9713E045}.Debug|Any CPU.Build.0 = Debug|Any CPU
		{2D25061E-4F8C-B47A-7D42-A1CF9713E045}.Release|Any CPU.ActiveCfg = Release|Any CPU
		{2D25061E-4F8C-B47A-7D42-A1CF9713E045}.Release|Any CPU.Build.0 = Release|Any CPU
		{BEA63D72-97B1-FBE9-8007-D0FE89095F6D}.Debug|Any CPU.ActiveCfg = Debug|Any CPU
		{BEA63D72-97B1-FBE9-8007-D0FE89095F6D}.Debug|Any CPU.Build.0 = Debug|Any CPU
		{BEA63D72-97B1-FBE9-8007-D0FE89095F6D}.Release|Any CPU.ActiveCfg = Release|Any CPU
		{BEA63D72-97B1-FBE9-8007-D0FE89095F6D}.Release|Any CPU.Build.0 = Release|Any CPU
		{905FD3D9-C1FC-D888-0736-5BDBD178710F}.Debug|Any CPU.ActiveCfg = Debug|Any CPU
		{905FD3D9-C1FC-D888-0736-5BDBD178710F}.Debug|Any CPU.Build.0 = Debug|Any CPU
		{905FD3D9-C1FC-D888-0736-5BDBD178710F}.Release|Any CPU.ActiveCfg = Release|Any CPU
		{905FD3D9-C1FC-D888-0736-5BDBD178710F}.Release|Any CPU.Build.0 = Release|Any CPU
		{F182CD57-8BA6-5902-AF01-E023C00E237B}.Debug|Any CPU.ActiveCfg = Debug|Any CPU
		{F182CD57-8BA6-5902-AF01-E023C00E237B}.Debug|Any CPU.Build.0 = Debug|Any CPU
		{F182CD57-8BA6-5902-AF01-E023C00E237B}.Release|Any CPU.ActiveCfg = Release|Any CPU
		{F182CD57-8BA6-5902-AF01-E023C00E237B}.Release|Any CPU.Build.0 = Release|Any CPU
		{6F50DA31-3B2D-6138-9057-9A8A24F0AC17}.Debug|Any CPU.ActiveCfg = Debug|Any CPU
		{6F50DA31-3B2D-6138-9057-9A8A24F0AC17}.Debug|Any CPU.Build.0 = Debug|Any CPU
		{6F50DA31-3B2D-6138-9057-9A8A24F0AC17}.Release|Any CPU.ActiveCfg = Release|Any CPU
		{6F50DA31-3B2D-6138-9057-9A8A24F0AC17}.Release|Any CPU.Build.0 = Release|Any CPU
		{34CB961C-D868-7080-549C-D19967474CA9}.Debug|Any CPU.ActiveCfg = Debug|Any CPU
		{34CB961C-D868-7080-549C-D19967474CA9}.Debug|Any CPU.Build.0 = Debug|Any CPU
		{34CB961C-D868-7080-549C-D19967474CA9}.Release|Any CPU.ActiveCfg = Release|Any CPU
		{34CB961C-D868-7080-549C-D19967474CA9}.Release|Any CPU.Build.0 = Release|Any CPU
		{51AA9207-5B00-88B7-84EF-B536EB5C0226}.Debug|Any CPU.ActiveCfg = Debug|Any CPU
		{51AA9207-5B00-88B7-84EF-B536EB5C0226}.Debug|Any CPU.Build.0 = Debug|Any CPU
		{51AA9207-5B00-88B7-84EF-B536EB5C0226}.Release|Any CPU.ActiveCfg = Release|Any CPU
		{51AA9207-5B00-88B7-84EF-B536EB5C0226}.Release|Any CPU.Build.0 = Release|Any CPU
		{610544CD-D2D3-ED18-D3A1-A24182C1BD0F}.Debug|Any CPU.ActiveCfg = Debug|Any CPU
		{610544CD-D2D3-ED18-D3A1-A24182C1BD0F}.Debug|Any CPU.Build.0 = Debug|Any CPU
		{610544CD-D2D3-ED18-D3A1-A24182C1BD0F}.Release|Any CPU.ActiveCfg = Release|Any CPU
		{610544CD-D2D3-ED18-D3A1-A24182C1BD0F}.Release|Any CPU.Build.0 = Release|Any CPU
		{8F6A145C-F21F-DF08-D68F-576852A1CCD3}.Debug|Any CPU.ActiveCfg = Debug|Any CPU
		{8F6A145C-F21F-DF08-D68F-576852A1CCD3}.Debug|Any CPU.Build.0 = Debug|Any CPU
		{8F6A145C-F21F-DF08-D68F-576852A1CCD3}.Release|Any CPU.ActiveCfg = Release|Any CPU
		{8F6A145C-F21F-DF08-D68F-576852A1CCD3}.Release|Any CPU.Build.0 = Release|Any CPU
	EndGlobalSection
	GlobalSection(SolutionProperties) = preSolution
		HideSolutionNode = FALSE
	EndGlobalSection
EndGlobal
